
Microsoft Visual Studio Solution File, Format Version 12.00
# Visual Studio 15
VisualStudioVersion = 15.0.26430.14
MinimumVisualStudioVersion = 10.0.40219.1
Project("{FAE04EC0-301F-11D3-BF4B-00C04F79EFBC}") = "Tavisca.Training2017.Handson.QueueUSingStack", "QueueUSingStack\Tavisca.Training2017.Handson.QueueUSingStack.csproj", "{49701B67-C3AD-4687-8F2A-55CA22F729F5}"
EndProject
Global
	GlobalSection(SolutionConfigurationPlatforms) = preSolution
		Debug|Any CPU = Debug|Any CPU
		Release|Any CPU = Release|Any CPU
	EndGlobalSection
	GlobalSection(ProjectConfigurationPlatforms) = postSolution
		{49701B67-C3AD-4687-8F2A-55CA22F729F5}.Debug|Any CPU.ActiveCfg = Debug|Any CPU
		{49701B67-C3AD-4687-8F2A-55CA22F729F5}.Debug|Any CPU.Build.0 = Debug|Any CPU
		{49701B67-C3AD-4687-8F2A-55CA22F729F5}.Release|Any CPU.ActiveCfg = Release|Any CPU
		{49701B67-C3AD-4687-8F2A-55CA22F729F5}.Release|Any CPU.Build.0 = Release|Any CPU
	EndGlobalSection
	GlobalSection(SolutionProperties) = preSolution
		HideSolutionNode = FALSE
	EndGlobalSection
EndGlobal
