
Microsoft Visual Studio Solution File, Format Version 12.00
# Visual Studio 15
VisualStudioVersion = 15.0.26430.14
MinimumVisualStudioVersion = 10.0.40219.1
Project("{FAE04EC0-301F-11D3-BF4B-00C04F79EFBC}") = "Queue_Console", "ConsoleApp1\Queue_Console.csproj", "{1082A50B-2CF4-4FE8-BF2B-7DED25E083D1}"
EndProject
Project("{FAE04EC0-301F-11D3-BF4B-00C04F79EFBC}") = "Tavisca.Training2017.Handson.Queue", "Tavisca.Training2017.Handson.Queue\Tavisca.Training2017.Handson.Queue.csproj", "{017A0B22-7CAF-4132-8117-D6965A1C199A}"
EndProject
Global
	GlobalSection(SolutionConfigurationPlatforms) = preSolution
		Debug|Any CPU = Debug|Any CPU
		Release|Any CPU = Release|Any CPU
	EndGlobalSection
	GlobalSection(ProjectConfigurationPlatforms) = postSolution
		{1082A50B-2CF4-4FE8-BF2B-7DED25E083D1}.Debug|Any CPU.ActiveCfg = Debug|Any CPU
		{1082A50B-2CF4-4FE8-BF2B-7DED25E083D1}.Debug|Any CPU.Build.0 = Debug|Any CPU
		{1082A50B-2CF4-4FE8-BF2B-7DED25E083D1}.Release|Any CPU.ActiveCfg = Release|Any CPU
		{1082A50B-2CF4-4FE8-BF2B-7DED25E083D1}.Release|Any CPU.Build.0 = Release|Any CPU
		{017A0B22-7CAF-4132-8117-D6965A1C199A}.Debug|Any CPU.ActiveCfg = Debug|Any CPU
		{017A0B22-7CAF-4132-8117-D6965A1C199A}.Debug|Any CPU.Build.0 = Debug|Any CPU
		{017A0B22-7CAF-4132-8117-D6965A1C199A}.Release|Any CPU.ActiveCfg = Release|Any CPU
		{017A0B22-7CAF-4132-8117-D6965A1C199A}.Release|Any CPU.Build.0 = Release|Any CPU
	EndGlobalSection
	GlobalSection(SolutionProperties) = preSolution
		HideSolutionNode = FALSE
	EndGlobalSection
EndGlobal
